{
  "name": "vue3",
  "lockfileVersion": 2,
  "requires": true,
  "packages": {
    "": {
      "dependencies": {
        "pinia-plugin-persist": "^1.0.0"
      }
    },
    "node_modules/@vue/devtools-api": {
      "version": "6.2.1",
      "resolved": "https://registry.npmjs.org/@vue/devtools-api/-/devtools-api-6.2.1.tgz",
      "integrity": "sha512-OEgAMeQXvCoJ+1x8WyQuVZzFo0wcyCmUR3baRVLmKBo1LmYZWMlRiXlux5jd0fqVJu6PfDbOrZItVqUEzLobeQ==",
      "peer": true
    },
    "node_modules/pinia": {
      "version": "2.0.20",
      "resolved": "https://registry.npmjs.org/pinia/-/pinia-2.0.20.tgz",
      "integrity": "sha512-fdHHumXW/0U5HhxmY1emo3I4z85p8NJPdbtFQSlmJXFe3ktuF0pYNVgVtk2q+j2zCtTufY763xzaEMx0t6T59g==",
      "peer": true,
      "dependencies": {
        "@vue/devtools-api": "^6.2.1",
        "vue-demi": "*"
      },
      "funding": {
        "url": "https://github.com/sponsors/posva"
      },
      "peerDependencies": {
        "@vue/composition-api": "^1.4.0",
        "typescript": ">=4.4.4",
        "vue": "^2.6.14 || ^3.2.0"
      },
      "peerDependenciesMeta": {
        "@vue/composition-api": {
          "optional": true
        },
        "typescript": {
          "optional": true
        }
      }
    },
    "node_modules/pinia-plugin-persist": {
      "version": "1.0.0",
      "resolved": "https://registry.npmjs.org/pinia-plugin-persist/-/pinia-plugin-persist-1.0.0.tgz",
      "integrity": "sha512-M4hBBd8fz/GgNmUPaaUsC29y1M09lqbXrMAHcusVoU8xlQi1TqgkWnnhvMikZwr7Le/hVyMx8KUcumGGrR6GVw==",
      "dependencies": {
        "vue-demi": "^0.12.1"
      },
      "peerDependencies": {
        "@vue/composition-api": "^1.0.0",
        "pinia": "^2.0.0",
        "vue": "^2.0.0 || >=3.0.0"
      },
      "peerDependenciesMeta": {
        "@vue/composition-api": {
          "optional": true
        }
      }
    },
    "node_modules/pinia-plugin-persist/node_modules/vue-demi": {
      "version": "0.12.5",
      "resolved": "https://registry.npmjs.org/vue-demi/-/vue-demi-0.12.5.tgz",
      "integrity": "sha512-BREuTgTYlUr0zw0EZn3hnhC3I6gPWv+Kwh4MCih6QcAeaTlaIX0DwOVN0wHej7hSvDPecz4jygy/idsgKfW58Q==",
      "hasInstallScript": true,
      "bin": {
        "vue-demi-fix": "bin/vue-demi-fix.js",
        "vue-demi-switch": "bin/vue-demi-switch.js"
      },
      "engines": {
        "node": ">=12"
      },
      "funding": {
        "url": "https://github.com/sponsors/antfu"
      },
      "peerDependencies": {
        "@vue/composition-api": "^1.0.0-rc.1",
        "vue": "^3.0.0-0 || ^2.6.0"
      },
      "peerDependenciesMeta": {
        "@vue/composition-api": {
          "optional": true
        }
      }
    },
    "node_modules/vue": {
      "version": "2.6.14",
      "resolved": "https://registry.npmjs.org/vue/-/vue-2.6.14.tgz",
      "integrity": "sha512-x2284lgYvjOMj3Za7kqzRcUSxBboHqtgRE2zlos1qWaOye5yUmHn42LB1250NJBLRwEcdrB0JRwyPTEPhfQjiQ==",
      "peer": true
    },
    "node_modules/vue-demi": {
      "version": "0.13.8",
      "resolved": "https://registry.npmjs.org/vue-demi/-/vue-demi-0.13.8.tgz",
      "integrity": "sha512-Vy1zbZhCOdsmvGR6tJhAvO5vhP7eiS8xkbYQSoVa7o6KlIy3W8Rc53ED4qI4qpeRDjv3mLfXSEpYU6Yq4pgXRg==",
      "hasInstallScript": true,
      "peer": true,
      "bin": {
        "vue-demi-fix": "bin/vue-demi-fix.js",
        "vue-demi-switch": "bin/vue-demi-switch.js"
      },
      "engines": {
        "node": ">=12"
      },
      "funding": {
        "url": "https://github.com/sponsors/antfu"
      },
      "peerDependencies": {
        "@vue/composition-api": "^1.0.0-rc.1",
        "vue": "^3.0.0-0 || ^2.6.0"
      },
      "peerDependenciesMeta": {
        "@vue/composition-api": {
          "optional": true
        }
      }
    }
  },
  "dependencies": {
    "@vue/devtools-api": {
      "version": "6.2.1",
      "resolved": "https://registry.npmjs.org/@vue/devtools-api/-/devtools-api-6.2.1.tgz",
      "integrity": "sha512-OEgAMeQXvCoJ+1x8WyQuVZzFo0wcyCmUR3baRVLmKBo1LmYZWMlRiXlux5jd0fqVJu6PfDbOrZItVqUEzLobeQ==",
      "peer": true
    },
    "pinia": {
      "version": "2.0.20",
      "resolved": "https://registry.npmjs.org/pinia/-/pinia-2.0.20.tgz",
      "integrity": "sha512-fdHHumXW/0U5HhxmY1emo3I4z85p8NJPdbtFQSlmJXFe3ktuF0pYNVgVtk2q+j2zCtTufY763xzaEMx0t6T59g==",
      "peer": true,
      "requires": {
        "@vue/devtools-api": "^6.2.1",
        "vue-demi": "*"
      }
    },
    "pinia-plugin-persist": {
      "version": "1.0.0",
      "resolved": "https://registry.npmjs.org/pinia-plugin-persist/-/pinia-plugin-persist-1.0.0.tgz",
      "integrity": "sha512-M4hBBd8fz/GgNmUPaaUsC29y1M09lqbXrMAHcusVoU8xlQi1TqgkWnnhvMikZwr7Le/hVyMx8KUcumGGrR6GVw==",
      "requires": {
        "vue-demi": "^0.12.1"
      },
      "dependencies": {
        "vue-demi": {
          "version": "0.12.5",
          "resolved": "https://registry.npmjs.org/vue-demi/-/vue-demi-0.12.5.tgz",
          "integrity": "sha512-BREuTgTYlUr0zw0EZn3hnhC3I6gPWv+Kwh4MCih6QcAeaTlaIX0DwOVN0wHej7hSvDPecz4jygy/idsgKfW58Q==",
          "requires": {}
        }
      }
    },
    "vue": {
      "version": "2.6.14",
      "resolved": "https://registry.npmjs.org/vue/-/vue-2.6.14.tgz",
      "integrity": "sha512-x2284lgYvjOMj3Za7kqzRcUSxBboHqtgRE2zlos1qWaOye5yUmHn42LB1250NJBLRwEcdrB0JRwyPTEPhfQjiQ==",
      "peer": true
    },
    "vue-demi": {
      "version": "0.13.8",
      "resolved": "https://registry.npmjs.org/vue-demi/-/vue-demi-0.13.8.tgz",
      "integrity": "sha512-Vy1zbZhCOdsmvGR6tJhAvO5vhP7eiS8xkbYQSoVa7o6KlIy3W8Rc53ED4qI4qpeRDjv3mLfXSEpYU6Yq4pgXRg==",
      "peer": true,
      "requires": {}
    }
  }
}
